
Microsoft Visual Studio Solution File, Format Version 12.00
# Visual Studio 15
VisualStudioVersion = 15.0.28307.329
MinimumVisualStudioVersion = 10.0.40219.1
Project("{FAE04EC0-301F-11D3-BF4B-00C04F79EFBC}") = "Task3", "Task3\Task3.csproj", "{A234CA20-303B-4E6F-9958-27E59C2EA635}"
EndProject
Global
	GlobalSection(SolutionConfigurationPlatforms) = preSolution
		Debug|Any CPU = Debug|Any CPU
		Release|Any CPU = Release|Any CPU
	EndGlobalSection
	GlobalSection(ProjectConfigurationPlatforms) = postSolution
		{A234CA20-303B-4E6F-9958-27E59C2EA635}.Debug|Any CPU.ActiveCfg = Debug|Any CPU
		{A234CA20-303B-4E6F-9958-27E59C2EA635}.Debug|Any CPU.Build.0 = Debug|Any CPU
		{A234CA20-303B-4E6F-9958-27E59C2EA635}.Release|Any CPU.ActiveCfg = Release|Any CPU
		{A234CA20-303B-4E6F-9958-27E59C2EA635}.Release|Any CPU.Build.0 = Release|Any CPU
	EndGlobalSection
	GlobalSection(SolutionProperties) = preSolution
		HideSolutionNode = FALSE
	EndGlobalSection
	GlobalSection(ExtensibilityGlobals) = postSolution
		SolutionGuid = {3188055F-83CD-4F65-9B9D-AA038EC21A42}
	EndGlobalSection
EndGlobal
